
Microsoft Visual Studio Solution File, Format Version 12.00
# Visual Studio Version 16
VisualStudioVersion = 16.0.29424.173
MinimumVisualStudioVersion = 10.0.40219.1
Project("{FAE04EC0-301F-11D3-BF4B-00C04F79EFBC}") = "Testik", "Testik\Testik.csproj", "{37C5AB17-EB1E-428C-B40D-C7A225585917}"
EndProject
Global
	GlobalSection(SolutionConfigurationPlatforms) = preSolution
		Debug|Any CPU = Debug|Any CPU
		Release|Any CPU = Release|Any CPU
	EndGlobalSection
	GlobalSection(ProjectConfigurationPlatforms) = postSolution
		{37C5AB17-EB1E-428C-B40D-C7A225585917}.Debug|Any CPU.ActiveCfg = Debug|Any CPU
		{37C5AB17-EB1E-428C-B40D-C7A225585917}.Debug|Any CPU.Build.0 = Debug|Any CPU
		{37C5AB17-EB1E-428C-B40D-C7A225585917}.Release|Any CPU.ActiveCfg = Release|Any CPU
		{37C5AB17-EB1E-428C-B40D-C7A225585917}.Release|Any CPU.Build.0 = Release|Any CPU
	EndGlobalSection
	GlobalSection(SolutionProperties) = preSolution
		HideSolutionNode = FALSE
	EndGlobalSection
	GlobalSection(ExtensibilityGlobals) = postSolution
		SolutionGuid = {B0BF4BDD-49A8-45A1-9736-16F21BD6AE25}
	EndGlobalSection
EndGlobal
